github.com/FortAwesome/Font-Awesome v4.7.0+incompatible h1:3trjm7NtX5NXlju1AxSWSzedDMq2hsfH78Qtqrc8EgY=
github.com/FortAwesome/Font-Awesome v4.7.0+incompatible/go.mod h1:IUgezN/MFpCDIlFezw3L8j83oeiIuYoj28Miwr/KUYo=
github.com/twbs/icons v1.4.0 h1:RkoqGMbm7m2J+fiRlR/Zpa9WT/tcG3inafbq/njdW2Y=
github.com/twbs/icons v1.4.0/go.mod h1:GnRlymgVWp5iVJCMa0Me5b6tFyGpVc2bSxPMRGIJmyA=
